
Microsoft Visual Studio Solution File, Format Version 12.00
# Visual Studio Version 17
VisualStudioVersion = 17.4.33213.308
MinimumVisualStudioVersion = 10.0.40219.1
Project("{FAE04EC0-301F-11D3-BF4B-00C04F79EFBC}") = "SpaceTradersMobile.UWP", "SpaceTradersMobile\SpaceTradersMobile.UWP\SpaceTradersMobile.UWP.csproj", "{F026A65F-58BA-42A1-BB01-2B49D04F49D9}"
EndProject
Project("{FAE04EC0-301F-11D3-BF4B-00C04F79EFBC}") = "SpaceTradersMobile.Android", "SpaceTradersMobile\SpaceTradersMobile.Android\SpaceTradersMobile.Android.csproj", "{1BEAAF84-8F13-4468-8D18-8A4B76DE62C0}"
EndProject
Project("{FAE04EC0-301F-11D3-BF4B-00C04F79EFBC}") = "SpaceTradersMobile.iOS", "SpaceTradersMobile\SpaceTradersMobile.iOS\SpaceTradersMobile.iOS.csproj", "{535B747B-7174-4E05-B82B-427E37EFEEF6}"
EndProject
Project("{FAE04EC0-301F-11D3-BF4B-00C04F79EFBC}") = "SpaceTradersMobile", "SpaceTradersMobile\SpaceTradersMobile\SpaceTradersMobile.csproj", "{948D92E8-5EB5-4AC9-A228-2C952D32B8D1}"
EndProject
Global
	GlobalSection(SolutionConfigurationPlatforms) = preSolution
		Debug|Any CPU = Debug|Any CPU
		Debug|ARM = Debug|ARM
		Debug|iPhone = Debug|iPhone
		Debug|iPhoneSimulator = Debug|iPhoneSimulator
		Debug|x64 = Debug|x64
		Debug|x86 = Debug|x86
		Release|Any CPU = Release|Any CPU
		Release|ARM = Release|ARM
		Release|iPhone = Release|iPhone
		Release|iPhoneSimulator = Release|iPhoneSimulator
		Release|x64 = Release|x64
		Release|x86 = Release|x86
	EndGlobalSection
	GlobalSection(ProjectConfigurationPlatforms) = postSolution
		{F026A65F-58BA-42A1-BB01-2B49D04F49D9}.Debug|Any CPU.ActiveCfg = Debug|x64
		{F026A65F-58BA-42A1-BB01-2B49D04F49D9}.Debug|Any CPU.Build.0 = Debug|x64
		{F026A65F-58BA-42A1-BB01-2B49D04F49D9}.Debug|Any CPU.Deploy.0 = Debug|x64
		{F026A65F-58BA-42A1-BB01-2B49D04F49D9}.Debug|ARM.ActiveCfg = Debug|ARM
		{F026A65F-58BA-42A1-BB01-2B49D04F49D9}.Debug|ARM.Build.0 = Debug|ARM
		{F026A65F-58BA-42A1-BB01-2B49D04F49D9}.Debug|ARM.Deploy.0 = Debug|ARM
		{F026A65F-58BA-42A1-BB01-2B49D04F49D9}.Debug|iPhone.ActiveCfg = Debug|x64
		{F026A65F-58BA-42A1-BB01-2B49D04F49D9}.Debug|iPhone.Build.0 = Debug|x64
		{F026A65F-58BA-42A1-BB01-2B49D04F49D9}.Debug|iPhone.Deploy.0 = Debug|x64
		{F026A65F-58BA-42A1-BB01-2B49D04F49D9}.Debug|iPhoneSimulator.ActiveCfg = Debug|x64
		{F026A65F-58BA-42A1-BB01-2B49D04F49D9}.Debug|iPhoneSimulator.Build.0 = Debug|x64
		{F026A65F-58BA-42A1-BB01-2B49D04F49D9}.Debug|iPhoneSimulator.Deploy.0 = Debug|x64
		{F026A65F-58BA-42A1-BB01-2B49D04F49D9}.Debug|x64.ActiveCfg = Debug|x64
		{F026A65F-58BA-42A1-BB01-2B49D04F49D9}.Debug|x64.Build.0 = Debug|x64
		{F026A65F-58BA-42A1-BB01-2B49D04F49D9}.Debug|x64.Deploy.0 = Debug|x64
		{F026A65F-58BA-42A1-BB01-2B49D04F49D9}.Debug|x86.ActiveCfg = Debug|x86
		{F026A65F-58BA-42A1-BB01-2B49D04F49D9}.Debug|x86.Build.0 = Debug|x86
		{F026A65F-58BA-42A1-BB01-2B49D04F49D9}.Debug|x86.Deploy.0 = Debug|x86
		{F026A65F-58BA-42A1-BB01-2B49D04F49D9}.Release|Any CPU.ActiveCfg = Release|x64
		{F026A65F-58BA-42A1-BB01-2B49D04F49D9}.Release|Any CPU.Build.0 = Release|x64
		{F026A65F-58BA-42A1-BB01-2B49D04F49D9}.Release|Any CPU.Deploy.0 = Release|x64
		{F026A65F-58BA-42A1-BB01-2B49D04F49D9}.Release|ARM.ActiveCfg = Release|ARM
		{F026A65F-58BA-42A1-BB01-2B49D04F49D9}.Release|ARM.Build.0 = Release|ARM
		{F026A65F-58BA-42A1-BB01-2B49D04F49D9}.Release|ARM.Deploy.0 = Release|ARM
		{F026A65F-58BA-42A1-BB01-2B49D04F49D9}.Release|iPhone.ActiveCfg = Release|x64
		{F026A65F-58BA-42A1-BB01-2B49D04F49D9}.Release|iPhone.Build.0 = Release|x64
		{F026A65F-58BA-42A1-BB01-2B49D04F49D9}.Release|iPhone.Deploy.0 = Release|x64
		{F026A65F-58BA-42A1-BB01-2B49D04F49D9}.Release|iPhoneSimulator.ActiveCfg = Release|x64
		{F026A65F-58BA-42A1-BB01-2B49D04F49D9}.Release|iPhoneSimulator.Build.0 = Release|x64
		{F026A65F-58BA-42A1-BB01-2B49D04F49D9}.Release|iPhoneSimulator.Deploy.0 = Release|x64
		{F026A65F-58BA-42A1-BB01-2B49D04F49D9}.Release|x64.ActiveCfg = Release|x64
		{F026A65F-58BA-42A1-BB01-2B49D04F49D9}.Release|x64.Build.0 = Release|x64
		{F026A65F-58BA-42A1-BB01-2B49D04F49D9}.Release|x64.Deploy.0 = Release|x64
		{F026A65F-58BA-42A1-BB01-2B49D04F49D9}.Release|x86.ActiveCfg = Release|x86
		{F026A65F-58BA-42A1-BB01-2B49D04F49D9}.Release|x86.Build.0 = Release|x86
		{F026A65F-58BA-42A1-BB01-2B49D04F49D9}.Release|x86.Deploy.0 = Release|x86
		{1BEAAF84-8F13-4468-8D18-8A4B76DE62C0}.Debug|Any CPU.ActiveCfg = Debug|Any CPU
		{1BEAAF84-8F13-4468-8D18-8A4B76DE62C0}.Debug|Any CPU.Build.0 = Debug|Any CPU
		{1BEAAF84-8F13-4468-8D18-8A4B76DE62C0}.Debug|Any CPU.Deploy.0 = Debug|Any CPU
		{1BEAAF84-8F13-4468-8D18-8A4B76DE62C0}.Debug|ARM.ActiveCfg = Debug|Any CPU
		{1BEAAF84-8F13-4468-8D18-8A4B76DE62C0}.Debug|ARM.Build.0 = Debug|Any CPU
		{1BEAAF84-8F13-4468-8D18-8A4B76DE62C0}.Debug|ARM.Deploy.0 = Debug|Any CPU
		{1BEAAF84-8F13-4468-8D18-8A4B76DE62C0}.Debug|iPhone.ActiveCfg = Debug|Any CPU
		{1BEAAF84-8F13-4468-8D18-8A4B76DE62C0}.Debug|iPhone.Build.0 = Debug|Any CPU
		{1BEAAF84-8F13-4468-8D18-8A4B76DE62C0}.Debug|iPhone.Deploy.0 = Debug|Any CPU
		{1BEAAF84-8F13-4468-8D18-8A4B76DE62C0}.Debug|iPhoneSimulator.ActiveCfg = Debug|Any CPU
		{1BEAAF84-8F13-4468-8D18-8A4B76DE62C0}.Debug|iPhoneSimulator.Build.0 = Debug|Any CPU
		{1BEAAF84-8F13-4468-8D18-8A4B76DE62C0}.Debug|iPhoneSimulator.Deploy.0 = Debug|Any CPU
		{1BEAAF84-8F13-4468-8D18-8A4B76DE62C0}.Debug|x64.ActiveCfg = Debug|Any CPU
		{1BEAAF84-8F13-4468-8D18-8A4B76DE62C0}.Debug|x64.Build.0 = Debug|Any CPU
		{1BEAAF84-8F13-4468-8D18-8A4B76DE62C0}.Debug|x64.Deploy.0 = Debug|Any CPU
		{1BEAAF84-8F13-4468-8D18-8A4B76DE62C0}.Debug|x86.ActiveCfg = Debug|Any CPU
		{1BEAAF84-8F13-4468-8D18-8A4B76DE62C0}.Debug|x86.Build.0 = Debug|Any CPU
		{1BEAAF84-8F13-4468-8D18-8A4B76DE62C0}.Debug|x86.Deploy.0 = Debug|Any CPU
		{1BEAAF84-8F13-4468-8D18-8A4B76DE62C0}.Release|Any CPU.ActiveCfg = Release|Any CPU
		{1BEAAF84-8F13-4468-8D18-8A4B76DE62C0}.Release|Any CPU.Build.0 = Release|Any CPU
		{1BEAAF84-8F13-4468-8D18-8A4B76DE62C0}.Release|Any CPU.Deploy.0 = Release|Any CPU
		{1BEAAF84-8F13-4468-8D18-8A4B76DE62C0}.Release|ARM.ActiveCfg = Release|Any CPU
		{1BEAAF84-8F13-4468-8D18-8A4B76DE62C0}.Release|ARM.Build.0 = Release|Any CPU
		{1BEAAF84-8F13-4468-8D18-8A4B76DE62C0}.Release|ARM.Deploy.0 = Release|Any CPU
		{1BEAAF84-8F13-4468-8D18-8A4B76DE62C0}.Release|iPhone.ActiveCfg = Release|Any CPU
		{1BEAAF84-8F13-4468-8D18-8A4B76DE62C0}.Release|iPhone.Build.0 = Release|Any CPU
		{1BEAAF84-8F13-4468-8D18-8A4B76DE62C0}.Release|iPhone.Deploy.0 = Release|Any CPU
		{1BEAAF84-8F13-4468-8D18-8A4B76DE62C0}.Release|iPhoneSimulator.ActiveCfg = Release|Any CPU
		{1BEAAF84-8F13-4468-8D18-8A4B76DE62C0}.Release|iPhoneSimulator.Build.0 = Release|Any CPU
		{1BEAAF84-8F13-4468-8D18-8A4B76DE62C0}.Release|iPhoneSimulator.Deploy.0 = Release|Any CPU
		{1BEAAF84-8F13-4468-8D18-8A4B76DE62C0}.Release|x64.ActiveCfg = Release|Any CPU
		{1BEAAF84-8F13-4468-8D18-8A4B76DE62C0}.Release|x64.Build.0 = Release|Any CPU
		{1BEAAF84-8F13-4468-8D18-8A4B76DE62C0}.Release|x64.Deploy.0 = Release|Any CPU
		{1BEAAF84-8F13-4468-8D18-8A4B76DE62C0}.Release|x86.ActiveCfg = Release|Any CPU
		{1BEAAF84-8F13-4468-8D18-8A4B76DE62C0}.Release|x86.Build.0 = Release|Any CPU
		{1BEAAF84-8F13-4468-8D18-8A4B76DE62C0}.Release|x86.Deploy.0 = Release|Any CPU
		{535B747B-7174-4E05-B82B-427E37EFEEF6}.Debug|Any CPU.ActiveCfg = Debug|iPhoneSimulator
		{535B747B-7174-4E05-B82B-427E37EFEEF6}.Debug|Any CPU.Build.0 = Debug|iPhoneSimulator
		{535B747B-7174-4E05-B82B-427E37EFEEF6}.Debug|Any CPU.Deploy.0 = Debug|iPhoneSimulator
		{535B747B-7174-4E05-B82B-427E37EFEEF6}.Debug|ARM.ActiveCfg = Debug|iPhoneSimulator
		{535B747B-7174-4E05-B82B-427E37EFEEF6}.Debug|ARM.Build.0 = Debug|iPhoneSimulator
		{535B747B-7174-4E05-B82B-427E37EFEEF6}.Debug|ARM.Deploy.0 = Debug|iPhoneSimulator
		{535B747B-7174-4E05-B82B-427E37EFEEF6}.Debug|iPhone.ActiveCfg = Debug|iPhone
		{535B747B-7174-4E05-B82B-427E37EFEEF6}.Debug|iPhone.Build.0 = Debug|iPhone
		{535B747B-7174-4E05-B82B-427E37EFEEF6}.Debug|iPhone.Deploy.0 = Debug|iPhone
		{535B747B-7174-4E05-B82B-427E37EFEEF6}.Debug|iPhoneSimulator.ActiveCfg = Debug|iPhoneSimulator
		{535B747B-7174-4E05-B82B-427E37EFEEF6}.Debug|iPhoneSimulator.Build.0 = Debug|iPhoneSimulator
		{535B747B-7174-4E05-B82B-427E37EFEEF6}.Debug|iPhoneSimulator.Deploy.0 = Debug|iPhoneSimulator
		{535B747B-7174-4E05-B82B-427E37EFEEF6}.Debug|x64.ActiveCfg = Debug|iPhone
		{535B747B-7174-4E05-B82B-427E37EFEEF6}.Debug|x64.Build.0 = Debug|iPhone
		{535B747B-7174-4E05-B82B-427E37EFEEF6}.Debug|x64.Deploy.0 = Debug|iPhone
		{535B747B-7174-4E05-B82B-427E37EFEEF6}.Debug|x86.ActiveCfg = Debug|iPhoneSimulator
		{535B747B-7174-4E05-B82B-427E37EFEEF6}.Debug|x86.Build.0 = Debug|iPhoneSimulator
		{535B747B-7174-4E05-B82B-427E37EFEEF6}.Debug|x86.Deploy.0 = Debug|iPhoneSimulator
		{535B747B-7174-4E05-B82B-427E37EFEEF6}.Release|Any CPU.ActiveCfg = Release|iPhoneSimulator
		{535B747B-7174-4E05-B82B-427E37EFEEF6}.Release|Any CPU.Build.0 = Release|iPhoneSimulator
		{535B747B-7174-4E05-B82B-427E37EFEEF6}.Release|Any CPU.Deploy.0 = Release|iPhoneSimulator
		{535B747B-7174-4E05-B82B-427E37EFEEF6}.Release|ARM.ActiveCfg = Release|iPhoneSimulator
		{535B747B-7174-4E05-B82B-427E37EFEEF6}.Release|ARM.Build.0 = Release|iPhoneSimulator
		{535B747B-7174-4E05-B82B-427E37EFEEF6}.Release|ARM.Deploy.0 = Release|iPhoneSimulator
		{535B747B-7174-4E05-B82B-427E37EFEEF6}.Release|iPhone.ActiveCfg = Release|iPhone
		{535B747B-7174-4E05-B82B-427E37EFEEF6}.Release|iPhone.Build.0 = Release|iPhone
		{535B747B-7174-4E05-B82B-427E37EFEEF6}.Release|iPhone.Deploy.0 = Release|iPhone
		{535B747B-7174-4E05-B82B-427E37EFEEF6}.Release|iPhoneSimulator.ActiveCfg = Release|iPhoneSimulator
		{535B747B-7174-4E05-B82B-427E37EFEEF6}.Release|iPhoneSimulator.Build.0 = Release|iPhoneSimulator
		{535B747B-7174-4E05-B82B-427E37EFEEF6}.Release|iPhoneSimulator.Deploy.0 = Release|iPhoneSimulator
		{535B747B-7174-4E05-B82B-427E37EFEEF6}.Release|x64.ActiveCfg = Release|iPhoneSimulator
		{535B747B-7174-4E05-B82B-427E37EFEEF6}.Release|x64.Build.0 = Release|iPhoneSimulator
		{535B747B-7174-4E05-B82B-427E37EFEEF6}.Release|x64.Deploy.0 = Release|iPhoneSimulator
		{535B747B-7174-4E05-B82B-427E37EFEEF6}.Release|x86.ActiveCfg = Release|iPhoneSimulator
		{535B747B-7174-4E05-B82B-427E37EFEEF6}.Release|x86.Build.0 = Release|iPhoneSimulator
		{535B747B-7174-4E05-B82B-427E37EFEEF6}.Release|x86.Deploy.0 = Release|iPhoneSimulator
		{948D92E8-5EB5-4AC9-A228-2C952D32B8D1}.Debug|Any CPU.ActiveCfg = Debug|Any CPU
		{948D92E8-5EB5-4AC9-A228-2C952D32B8D1}.Debug|Any CPU.Build.0 = Debug|Any CPU
		{948D92E8-5EB5-4AC9-A228-2C952D32B8D1}.Debug|Any CPU.Deploy.0 = Debug|Any CPU
		{948D92E8-5EB5-4AC9-A228-2C952D32B8D1}.Debug|ARM.ActiveCfg = Debug|Any CPU
		{948D92E8-5EB5-4AC9-A228-2C952D32B8D1}.Debug|ARM.Build.0 = Debug|Any CPU
		{948D92E8-5EB5-4AC9-A228-2C952D32B8D1}.Debug|ARM.Deploy.0 = Debug|Any CPU
		{948D92E8-5EB5-4AC9-A228-2C952D32B8D1}.Debug|iPhone.ActiveCfg = Debug|Any CPU
		{948D92E8-5EB5-4AC9-A228-2C952D32B8D1}.Debug|iPhone.Build.0 = Debug|Any CPU
		{948D92E8-5EB5-4AC9-A228-2C952D32B8D1}.Debug|iPhone.Deploy.0 = Debug|Any CPU
		{948D92E8-5EB5-4AC9-A228-2C952D32B8D1}.Debug|iPhoneSimulator.ActiveCfg = Debug|Any CPU
		{948D92E8-5EB5-4AC9-A228-2C952D32B8D1}.Debug|iPhoneSimulator.Build.0 = Debug|Any CPU
		{948D92E8-5EB5-4AC9-A228-2C952D32B8D1}.Debug|iPhoneSimulator.Deploy.0 = Debug|Any CPU
		{948D92E8-5EB5-4AC9-A228-2C952D32B8D1}.Debug|x64.ActiveCfg = Debug|Any CPU
		{948D92E8-5EB5-4AC9-A228-2C952D32B8D1}.Debug|x64.Build.0 = Debug|Any CPU
		{948D92E8-5EB5-4AC9-A228-2C952D32B8D1}.Debug|x64.Deploy.0 = Debug|Any CPU
		{948D92E8-5EB5-4AC9-A228-2C952D32B8D1}.Debug|x86.ActiveCfg = Debug|Any CPU
		{948D92E8-5EB5-4AC9-A228-2C952D32B8D1}.Debug|x86.Build.0 = Debug|Any CPU
		{948D92E8-5EB5-4AC9-A228-2C952D32B8D1}.Debug|x86.Deploy.0 = Debug|Any CPU
		{948D92E8-5EB5-4AC9-A228-2C952D32B8D1}.Release|Any CPU.ActiveCfg = Release|Any CPU
		{948D92E8-5EB5-4AC9-A228-2C952D32B8D1}.Release|Any CPU.Build.0 = Release|Any CPU
		{948D92E8-5EB5-4AC9-A228-2C952D32B8D1}.Release|Any CPU.Deploy.0 = Release|Any CPU
		{948D92E8-5EB5-4AC9-A228-2C952D32B8D1}.Release|ARM.ActiveCfg = Release|Any CPU
		{948D92E8-5EB5-4AC9-A228-2C952D32B8D1}.Release|ARM.Build.0 = Release|Any CPU
		{948D92E8-5EB5-4AC9-A228-2C952D32B8D1}.Release|ARM.Deploy.0 = Release|Any CPU
		{948D92E8-5EB5-4AC9-A228-2C952D32B8D1}.Release|iPhone.ActiveCfg = Release|Any CPU
		{948D92E8-5EB5-4AC9-A228-2C952D32B8D1}.Release|iPhone.Build.0 = Release|Any CPU
		{948D92E8-5EB5-4AC9-A228-2C952D32B8D1}.Release|iPhone.Deploy.0 = Release|Any CPU
		{948D92E8-5EB5-4AC9-A228-2C952D32B8D1}.Release|iPhoneSimulator.ActiveCfg = Release|Any CPU
		{948D92E8-5EB5-4AC9-A228-2C952D32B8D1}.Release|iPhoneSimulator.Build.0 = Release|Any CPU
		{948D92E8-5EB5-4AC9-A228-2C952D32B8D1}.Release|iPhoneSimulator.Deploy.0 = Release|Any CPU
		{948D92E8-5EB5-4AC9-A228-2C952D32B8D1}.Release|x64.ActiveCfg = Release|Any CPU
		{948D92E8-5EB5-4AC9-A228-2C952D32B8D1}.Release|x64.Build.0 = Release|Any CPU
		{948D92E8-5EB5-4AC9-A228-2C952D32B8D1}.Release|x64.Deploy.0 = Release|Any CPU
		{948D92E8-5EB5-4AC9-A228-2C952D32B8D1}.Release|x86.ActiveCfg = Release|Any CPU
		{948D92E8-5EB5-4AC9-A228-2C952D32B8D1}.Release|x86.Build.0 = Release|Any CPU
		{948D92E8-5EB5-4AC9-A228-2C952D32B8D1}.Release|x86.Deploy.0 = Release|Any CPU
	EndGlobalSection
	GlobalSection(SolutionProperties) = preSolution
		HideSolutionNode = FALSE
	EndGlobalSection
	GlobalSection(ExtensibilityGlobals) = postSolution
		SolutionGuid = {64B5C7BE-7B10-4827-A169-3825B6BEBA56}
	EndGlobalSection
EndGlobal
